{
  "version": 4,
  "terraform_version": "1.15.5",
  "serial": 1,
  "lineage": "df04f9eb-04f4-3b30-48dd-38cd9d23c32b",
  "outputs": {},
  "resources": [
    {
      "mode": "managed",
      "type": "local_file",
      "name": "employee_data",
      "provider": "provider[\"registry.terraform.io/hashicorp/local\"]",
      "instances": [
        {
          "schema_version": 0,
          "attributes": {
            "content": "Employee Name : Nandan\nDepartment    : Data Engineering\nTechnology    : Terraform\nEnvironment   : Development\n",
            "content_base64": null,
            "content_base64sha256": "pHIKcNJFQmiyOYSowUP2EsbPmwc9eRLjBWrn/FjgrYs=",
            "content_base64sha512": "8GQjwPZHszgQkMVFMK87CEVzBgvalsQeZBWhzClx7BoOS33ZA/ypJSQgAWr903k9jNMixw3nLBglEaynCjvYHA==",
            "content_md5": "cf1d53a6754644992f469272965ae818",
            "content_sha1": "a8758337db31794342ea3584f496af8f24b561b9",
            "content_sha256": "a4720a70d2454268b23984a8c143f612c6cf9b073d7912e3056ae7fc58e0ad8b",
            "content_sha512": "f06423c0f647b3381090c54530af3b084573060bda96c41e6415a1cc2971ec1a0e4b7dd903fca9252420016afdd3793d8cd322c70de72c182511aca70a3bd81c",
            "directory_permission": "0777",
            "file_permission": "0777",
            "filename": "employees.txt",
            "id": "a8758337db31794342ea3584f496af8f24b561b9",
            "sensitive_content": null,
            "source": null
          },
          "sensitive_attributes": [
            [
              {
                "type": "get_attr",
                "value": "sensitive_content"
              }
            ]
          ],
          "identity_schema_version": 0
        }
      ]
    }
  ],
  "check_results": null
}
