{
  "version": 4,
  "terraform_version": "1.15.5",
  "serial": 4,
  "lineage": "86636975-9bc2-cd0d-7f36-bc6f99a266f5",
  "outputs": {
    "generated_file": {
      "value": "qa-config.txt",
      "type": "string"
    }
  },
  "resources": [
    {
      "mode": "managed",
      "type": "local_file",
      "name": "app_details",
      "provider": "provider[\"registry.terraform.io/hashicorp/local\"]",
      "instances": [
        {
          "schema_version": 0,
          "attributes": {
            "content": "Application : Ecommerce\nEnvironment : qa\nOwner       : Nandan\n",
            "content_base64": null,
            "content_base64sha256": "LE0QvivSgZysLfs9OSW/GWSvzUhjp+geIq109s3yESY=",
            "content_base64sha512": "pDae++LinuO24Ph8HyL2IsgZl3EQmfPQk8eo/m19lg4Dc3VtkBXzmJqxq4Wp5GgNvygYD4AnwNaADd0K93QrXQ==",
            "content_md5": "886ee50b286abe8b136e9b7e9117d427",
            "content_sha1": "c7575a193bf2b377bf429f26f3c8cb96b032f008",
            "content_sha256": "2c4d10be2bd2819cac2dfb3d3925bf1964afcd4863a7e81e22ad74f6cdf21126",
            "content_sha512": "a4369efbe2e29ee3b6e0f87c1f22f622c81997711099f3d093c7a8fe6d7d960e0373756d9015f3989ab1ab85a9e4680dbf28180f8027c0d6800ddd0af7742b5d",
            "directory_permission": "0777",
            "file_permission": "0777",
            "filename": "qa-config.txt",
            "id": "c7575a193bf2b377bf429f26f3c8cb96b032f008",
            "sensitive_content": null,
            "source": null
          },
          "sensitive_attributes": [
            [
              {
                "type": "get_attr",
                "value": "sensitive_content"
              }
            ]
          ],
          "identity_schema_version": 0
        }
      ]
    }
  ],
  "check_results": null
}
